
Microsoft Visual Studio Solution File, Format Version 12.00
Project("{FAE04EC0-301F-11D3-BF4B-00C04F79EFBC}") = "SCLauncher", "SCLauncher\SCLauncher.csproj", "{D5A0F0D0-0BE2-4550-9EB3-1A882C32A60A}"
	ProjectSection(ProjectDependencies) = postProject
		{2B858524-E916-4777-866A-B229390F97CA} = {2B858524-E916-4777-866A-B229390F97CA}
	EndProjectSection
EndProject
Project("{FAE04EC0-301F-11D3-BF4B-00C04F79EFBC}") = "ModSupportCli", "ModSupportCli\ModSupportCli.csproj", "{72812B10-17C2-41CF-9C07-50BDF5DB984C}"
	ProjectSection(ProjectDependencies) = postProject
		{2B858524-E916-4777-866A-B229390F97CA} = {2B858524-E916-4777-866A-B229390F97CA}
	EndProjectSection
EndProject
Project("{FAE04EC0-301F-11D3-BF4B-00C04F79EFBC}") = "ModSupportLib", "ModSupportLib\ModSupportLib.csproj", "{2B858524-E916-4777-866A-B229390F97CA}"
EndProject
Global
	GlobalSection(SolutionConfigurationPlatforms) = preSolution
		Debug|Any CPU = Debug|Any CPU
		Release|Any CPU = Release|Any CPU
	EndGlobalSection
	GlobalSection(ProjectConfigurationPlatforms) = postSolution
		{D5A0F0D0-0BE2-4550-9EB3-1A882C32A60A}.Debug|Any CPU.ActiveCfg = Debug|Any CPU
		{D5A0F0D0-0BE2-4550-9EB3-1A882C32A60A}.Debug|Any CPU.Build.0 = Debug|Any CPU
		{D5A0F0D0-0BE2-4550-9EB3-1A882C32A60A}.Release|Any CPU.ActiveCfg = Release|Any CPU
		{D5A0F0D0-0BE2-4550-9EB3-1A882C32A60A}.Release|Any CPU.Build.0 = Release|Any CPU
		{72812B10-17C2-41CF-9C07-50BDF5DB984C}.Debug|Any CPU.ActiveCfg = Debug|Any CPU
		{72812B10-17C2-41CF-9C07-50BDF5DB984C}.Debug|Any CPU.Build.0 = Debug|Any CPU
		{72812B10-17C2-41CF-9C07-50BDF5DB984C}.Release|Any CPU.ActiveCfg = Release|Any CPU
		{72812B10-17C2-41CF-9C07-50BDF5DB984C}.Release|Any CPU.Build.0 = Release|Any CPU
		{2B858524-E916-4777-866A-B229390F97CA}.Debug|Any CPU.ActiveCfg = Debug|Any CPU
		{2B858524-E916-4777-866A-B229390F97CA}.Debug|Any CPU.Build.0 = Debug|Any CPU
		{2B858524-E916-4777-866A-B229390F97CA}.Release|Any CPU.ActiveCfg = Release|Any CPU
		{2B858524-E916-4777-866A-B229390F97CA}.Release|Any CPU.Build.0 = Release|Any CPU
	EndGlobalSection
EndGlobal
